
Microsoft Visual Studio Solution File, Format Version 12.00
# Visual Studio Version 17
VisualStudioVersion = 17.0.31903.59
MinimumVisualStudioVersion = 10.0.40219.1
Project("{9A19103F-16F7-4668-BE54-9A1E7A4F7556}") = "MailerRestApi", "MailerRestApi\MailerRestApi.csproj", "{417AB079-511E-41A4-B0E8-99D13717BE37}"
EndProject
Project("{9A19103F-16F7-4668-BE54-9A1E7A4F7556}") = "MailerCommon", "MailerCommon\MailerCommon.csproj", "{0BDCFBFC-3FBF-4E44-9DB1-A12699CCEDE8}"
EndProject
Project("{9A19103F-16F7-4668-BE54-9A1E7A4F7556}") = "MailerCli", "MailerCli\MailerCli.csproj", "{932E6F14-5122-418F-8B13-610E02617036}"
EndProject
Project("{9A19103F-16F7-4668-BE54-9A1E7A4F7556}") = "MailerCommon.Tests", "MailerCommon.Tests\MailerCommon.Tests.csproj", "{BB8C4811-2330-4545-88DF-88224F726D6A}"
EndProject
Project("{2150E333-8FDC-42A3-9474-1A3956D46DE8}") = "Files", "Files", "{9CD4B834-A231-4FC2-8C92-0456A3D08A6C}"
	ProjectSection(SolutionItems) = preProject
		.dockerignore = .dockerignore
		.env = .env
		.gitattributes = .gitattributes
		.gitignore = .gitignore
		CHANGELOG.md = CHANGELOG.md
		docker-compose.yml = docker-compose.yml
		publish-restapi.sh = publish-restapi.sh
	EndProjectSection
EndProject
Project("{9A19103F-16F7-4668-BE54-9A1E7A4F7556}") = "PdfReader", "PdfReader\PdfReader.csproj", "{A370C6EC-B793-43F7-A1BC-BD69F9D31DB2}"
EndProject
Project("{9A19103F-16F7-4668-BE54-9A1E7A4F7556}") = "ScheduleViewer", "ScheduleViewer\ScheduleViewer.csproj", "{99085FBC-8813-4871-8B7A-1CC7410B6767}"
EndProject
Project("{FAE04EC0-301F-11D3-BF4B-00C04F79EFBC}") = "ScheduleViewer.Api", "ScheduleViewer.Api\ScheduleViewer.Api.csproj", "{770AD860-8379-40D3-BDB1-67FCC0F091C5}"
EndProject
Global
	GlobalSection(SolutionConfigurationPlatforms) = preSolution
		Debug|Any CPU = Debug|Any CPU
		Release|Any CPU = Release|Any CPU
	EndGlobalSection
	GlobalSection(ProjectConfigurationPlatforms) = postSolution
		{417AB079-511E-41A4-B0E8-99D13717BE37}.Debug|Any CPU.ActiveCfg = Debug|Any CPU
		{417AB079-511E-41A4-B0E8-99D13717BE37}.Debug|Any CPU.Build.0 = Debug|Any CPU
		{417AB079-511E-41A4-B0E8-99D13717BE37}.Release|Any CPU.ActiveCfg = Release|Any CPU
		{417AB079-511E-41A4-B0E8-99D13717BE37}.Release|Any CPU.Build.0 = Release|Any CPU
		{0BDCFBFC-3FBF-4E44-9DB1-A12699CCEDE8}.Debug|Any CPU.ActiveCfg = Debug|Any CPU
		{0BDCFBFC-3FBF-4E44-9DB1-A12699CCEDE8}.Debug|Any CPU.Build.0 = Debug|Any CPU
		{0BDCFBFC-3FBF-4E44-9DB1-A12699CCEDE8}.Release|Any CPU.ActiveCfg = Release|Any CPU
		{0BDCFBFC-3FBF-4E44-9DB1-A12699CCEDE8}.Release|Any CPU.Build.0 = Release|Any CPU
		{932E6F14-5122-418F-8B13-610E02617036}.Debug|Any CPU.ActiveCfg = Debug|Any CPU
		{932E6F14-5122-418F-8B13-610E02617036}.Debug|Any CPU.Build.0 = Debug|Any CPU
		{932E6F14-5122-418F-8B13-610E02617036}.Release|Any CPU.ActiveCfg = Release|Any CPU
		{932E6F14-5122-418F-8B13-610E02617036}.Release|Any CPU.Build.0 = Release|Any CPU
		{BB8C4811-2330-4545-88DF-88224F726D6A}.Debug|Any CPU.ActiveCfg = Debug|Any CPU
		{BB8C4811-2330-4545-88DF-88224F726D6A}.Debug|Any CPU.Build.0 = Debug|Any CPU
		{BB8C4811-2330-4545-88DF-88224F726D6A}.Release|Any CPU.ActiveCfg = Release|Any CPU
		{BB8C4811-2330-4545-88DF-88224F726D6A}.Release|Any CPU.Build.0 = Release|Any CPU
		{A370C6EC-B793-43F7-A1BC-BD69F9D31DB2}.Debug|Any CPU.ActiveCfg = Debug|Any CPU
		{A370C6EC-B793-43F7-A1BC-BD69F9D31DB2}.Debug|Any CPU.Build.0 = Debug|Any CPU
		{A370C6EC-B793-43F7-A1BC-BD69F9D31DB2}.Release|Any CPU.ActiveCfg = Release|Any CPU
		{A370C6EC-B793-43F7-A1BC-BD69F9D31DB2}.Release|Any CPU.Build.0 = Release|Any CPU
		{99085FBC-8813-4871-8B7A-1CC7410B6767}.Debug|Any CPU.ActiveCfg = Debug|Any CPU
		{99085FBC-8813-4871-8B7A-1CC7410B6767}.Debug|Any CPU.Build.0 = Debug|Any CPU
		{99085FBC-8813-4871-8B7A-1CC7410B6767}.Release|Any CPU.ActiveCfg = Release|Any CPU
		{99085FBC-8813-4871-8B7A-1CC7410B6767}.Release|Any CPU.Build.0 = Release|Any CPU
		{770AD860-8379-40D3-BDB1-67FCC0F091C5}.Debug|Any CPU.ActiveCfg = Debug|Any CPU
		{770AD860-8379-40D3-BDB1-67FCC0F091C5}.Debug|Any CPU.Build.0 = Debug|Any CPU
		{770AD860-8379-40D3-BDB1-67FCC0F091C5}.Release|Any CPU.ActiveCfg = Release|Any CPU
		{770AD860-8379-40D3-BDB1-67FCC0F091C5}.Release|Any CPU.Build.0 = Release|Any CPU
	EndGlobalSection
	GlobalSection(SolutionProperties) = preSolution
		HideSolutionNode = FALSE
	EndGlobalSection
	GlobalSection(ExtensibilityGlobals) = postSolution
		SolutionGuid = {F4FDA676-3076-4D25-96D0-2B389D1D82E1}
	EndGlobalSection
EndGlobal
