
Microsoft Visual Studio Solution File, Format Version 12.00
# Visual Studio Version 17
VisualStudioVersion = 17.0.31903.59
MinimumVisualStudioVersion = 10.0.40219.1
Project("{FAE04EC0-301F-11D3-BF4B-00C04F79EFBC}") = "MailerRestApi", "MailerRestApi\MailerRestApi.csproj", "{417AB079-511E-41A4-B0E8-99D13717BE37}"
EndProject
Global
	GlobalSection(SolutionConfigurationPlatforms) = preSolution
		Debug|Any CPU = Debug|Any CPU
		Release|Any CPU = Release|Any CPU
	EndGlobalSection
	GlobalSection(ProjectConfigurationPlatforms) = postSolution
		{417AB079-511E-41A4-B0E8-99D13717BE37}.Debug|Any CPU.ActiveCfg = Debug|Any CPU
		{417AB079-511E-41A4-B0E8-99D13717BE37}.Debug|Any CPU.Build.0 = Debug|Any CPU
		{417AB079-511E-41A4-B0E8-99D13717BE37}.Release|Any CPU.ActiveCfg = Release|Any CPU
		{417AB079-511E-41A4-B0E8-99D13717BE37}.Release|Any CPU.Build.0 = Release|Any CPU
	EndGlobalSection
	GlobalSection(SolutionProperties) = preSolution
		HideSolutionNode = FALSE
	EndGlobalSection
	GlobalSection(ExtensibilityGlobals) = postSolution
		SolutionGuid = {F4FDA676-3076-4D25-96D0-2B389D1D82E1}
	EndGlobalSection
EndGlobal
